version = 1
revision = 3
requires-python = "==3.13.*"

[manifest]
overrides = [{ name = "urllib3", specifier = "==2.6.0" }]

[[package]]
name = "certifi"
version = "2025.4.26"
source = { registry = "https://pypi.org/simple" }
sdist = { url = "https://files.pythonhosted.org/packages/e8/9e/c05b3920a3b7d20d3d3310465f50348e5b3694f4f88c6daf736eef3024c4/certifi-2025.4.26.tar.gz", hash = "sha256:0a816057ea3cdefcef70270d2c515e4506bbc954f417fa5ade2021213bb8f0c6", size = 160705, upload-time = "2025-04-26T02:12:29.51Z" }
wheels = [
    { url = "https://files.pythonhosted.org/packages/4a/7e/3db2bd1b1f9e95f7cddca6d6e75e2f2bd9f51b1246e546d88addca0106bd/certifi-2025.4.26-py3-none-any.whl", hash = "sha256:30350364dfe371162649852c63336a15c70c6510c2ad5015b21c2345311805f3", size = 159618, upload-time = "2025-04-26T02:12:27.662Z" },
]

[[package]]
name = "charset-normalizer"
version = "3.4.2"
source = { registry = "https://pypi.org/simple" }
sdist = { url = "https://files.pythonhosted.org/packages/e4/33/89c2ced2b67d1c2a61c19c6751aa8902d46ce3dacb23600a283619f5a12d/charset_normalizer-3.4.2.tar.gz", hash = "sha256:5baececa9ecba31eff645232d59845c07aa030f0c81ee70184a90d35099a0e63", size = 126367, upload-time = "2025-05-02T08:34:42.01Z" }
wheels = [
    { url = "https://files.pythonhosted.org/packages/ea/12/a93df3366ed32db1d907d7593a94f1fe6293903e3e92967bebd6950ed12c/charset_normalizer-3.4.2-cp313-cp313-macosx_10_13_universal2.whl", hash = "sha256:926ca93accd5d36ccdabd803392ddc3e03e6d4cd1cf17deff3b989ab8e9dbcf0", size = 199622, upload-time = "2025-05-02T08:32:56.363Z" },
    { url = "https://files.pythonhosted.org/packages/04/93/bf204e6f344c39d9937d3c13c8cd5bbfc266472e51fc8c07cb7f64fcd2de/charset_normalizer-3.4.2-cp313-cp313-manylinux_2_17_aarch64.manylinux2014_aarch64.whl", hash = "sha256:eba9904b0f38a143592d9fc0e19e2df0fa2e41c3c3745554761c5f6447eedabf", size = 143435, upload-time = "2025-05-02T08:32:58.551Z" },
    { url = "https://files.pythonhosted.org/packages/22/2a/ea8a2095b0bafa6c5b5a55ffdc2f924455233ee7b91c69b7edfcc9e02284/charset_normalizer-3.4.2-cp313-cp313-manylinux_2_17_ppc64le.manylinux2014_ppc64le.whl", hash = "sha256:3fddb7e2c84ac87ac3a947cb4e66d143ca5863ef48e4a5ecb83bd48619e4634e", size = 153653, upload-time = "2025-05-02T08:33:00.342Z" },
    { url = "https://files.pythonhosted.org/packages/b6/57/1b090ff183d13cef485dfbe272e2fe57622a76694061353c59da52c9a659/charset_normalizer-3.4.2-cp313-cp313-manylinux_2_17_s390x.manylinux2014_s390x.whl", hash = "sha256:98f862da73774290f251b9df8d11161b6cf25b599a66baf087c1ffe340e9bfd1", size = 146231, upload-time = "2025-05-02T08:33:02.081Z" },
    { url = "https://files.pythonhosted.org/packages/e2/28/ffc026b26f441fc67bd21ab7f03b313ab3fe46714a14b516f931abe1a2d8/charset_normalizer-3.4.2-cp313-cp313-manylinux_2_17_x86_64.manylinux2014_x86_64.whl", hash = "sha256:6c9379d65defcab82d07b2a9dfbfc2e95bc8fe0ebb1b176a3190230a3ef0e07c", size = 148243, upload-time = "2025-05-02T08:33:04.063Z" },
    { url = "https://files.pythonhosted.org/packages/c0/0f/9abe9bd191629c33e69e47c6ef45ef99773320e9ad8e9cb08b8ab4a8d4cb/charset_normalizer-3.4.2-cp313-cp313-manylinux_2_5_i686.manylinux1_i686.manylinux_2_17_i686.manylinux2014_i686.whl", hash = "sha256:e635b87f01ebc977342e2697d05b56632f5f879a4f15955dfe8cef2448b51691", size = 150442, upload-time = "2025-05-02T08:33:06.418Z" },
    { url = "https://files.pythonhosted.org/packages/67/7c/a123bbcedca91d5916c056407f89a7f5e8fdfce12ba825d7d6b9954a1a3c/charset_normalizer-3.4.2-cp313-cp313-musllinux_1_2_aarch64.whl", hash = "sha256:1c95a1e2902a8b722868587c0e1184ad5c55631de5afc0eb96bc4b0d738092c0", size = 145147, upload-time = "2025-05-02T08:33:08.183Z" },
    { url = "https://files.pythonhosted.org/packages/ec/fe/1ac556fa4899d967b83e9893788e86b6af4d83e4726511eaaad035e36595/charset_normalizer-3.4.2-cp313-cp313-musllinux_1_2_i686.whl", hash = "sha256:ef8de666d6179b009dce7bcb2ad4c4a779f113f12caf8dc77f0162c29d20490b", size = 153057, upload-time = "2025-05-02T08:33:09.986Z" },
    { url = "https://files.pythonhosted.org/packages/2b/ff/acfc0b0a70b19e3e54febdd5301a98b72fa07635e56f24f60502e954c461/charset_normalizer-3.4.2-cp313-cp313-musllinux_1_2_ppc64le.whl", hash = "sha256:32fc0341d72e0f73f80acb0a2c94216bd704f4f0bce10aedea38f30502b271ff", size = 156454, upload-time = "2025-05-02T08:33:11.814Z" },
    { url = "https://files.pythonhosted.org/packages/92/08/95b458ce9c740d0645feb0e96cea1f5ec946ea9c580a94adfe0b617f3573/charset_normalizer-3.4.2-cp313-cp313-musllinux_1_2_s390x.whl", hash = "sha256:289200a18fa698949d2b39c671c2cc7a24d44096784e76614899a7ccf2574b7b", size = 154174, upload-time = "2025-05-02T08:33:13.707Z" },
    { url = "https://files.pythonhosted.org/packages/78/be/8392efc43487ac051eee6c36d5fbd63032d78f7728cb37aebcc98191f1ff/charset_normalizer-3.4.2-cp313-cp313-musllinux_1_2_x86_64.whl", hash = "sha256:4a476b06fbcf359ad25d34a057b7219281286ae2477cc5ff5e3f70a246971148", size = 149166, upload-time = "2025-05-02T08:33:15.458Z" },
    { url = "https://files.pythonhosted.org/packages/44/96/392abd49b094d30b91d9fbda6a69519e95802250b777841cf3bda8fe136c/charset_normalizer-3.4.2-cp313-cp313-win32.whl", hash = "sha256:aaeeb6a479c7667fbe1099af9617c83aaca22182d6cf8c53966491a0f1b7ffb7", size = 98064, upload-time = "2025-05-02T08:33:17.06Z" },
    { url = "https://files.pythonhosted.org/packages/e9/b0/0200da600134e001d91851ddc797809e2fe0ea72de90e09bec5a2fbdaccb/charset_normalizer-3.4.2-cp313-cp313-win_amd64.whl", hash = "sha256:aa6af9e7d59f9c12b33ae4e9450619cf2488e2bbe9b44030905877f0b2324980", size = 105641, upload-time = "2025-05-02T08:33:18.753Z" },
    { url = "https://files.pythonhosted.org/packages/20/94/c5790835a017658cbfabd07f3bfb549140c3ac458cfc196323996b10095a/charset_normalizer-3.4.2-py3-none-any.whl", hash = "sha256:7f56930ab0abd1c45cd15be65cc741c28b1c9a34876ce8c17a2fa107810c0af0", size = 52626, upload-time = "2025-05-02T08:34:40.053Z" },
]

[[package]]
name = "colorama"
version = "0.4.6"
source = { registry = "https://pypi.org/simple" }
sdist = { url = "https://files.pythonhosted.org/packages/d8/53/6f443c9a4a8358a93a6792e2acffb9d9d5cb0a5cfd8802644b7b1c9a02e4/colorama-0.4.6.tar.gz", hash = "sha256:08695f5cb7ed6e0531a20572697297273c47b8cae5a63ffc6d6ed5c201be6e44", size = 27697, upload-time = "2022-10-25T02:36:22.414Z" }
wheels = [
    { url = "https://files.pythonhosted.org/packages/d1/d6/3965ed04c63042e047cb6a3e6ed1a63a35087b6a609aa3a15ed8ac56c221/colorama-0.4.6-py2.py3-none-any.whl", hash = "sha256:4f1d9991f5acc0ca119f9d443620b77f9d6b33703e51011c16baf57afb285fc6", size = 25335, upload-time = "2022-10-25T02:36:20.889Z" },
]

[[package]]
name = "greenlet"
version = "3.2.3"
source = { registry = "https://pypi.org/simple" }
sdist = { url = "https://files.pythonhosted.org/packages/c9/92/bb85bd6e80148a4d2e0c59f7c0c2891029f8fd510183afc7d8d2feeed9b6/greenlet-3.2.3.tar.gz", hash = "sha256:8b0dd8ae4c0d6f5e54ee55ba935eeb3d735a9b58a8a1e5b5cbab64e01a39f365", size = 185752, upload-time = "2025-06-05T16:16:09.955Z" }
wheels = [
    { url = "https://files.pythonhosted.org/packages/b1/cf/f5c0b23309070ae93de75c90d29300751a5aacefc0a3ed1b1d8edb28f08b/greenlet-3.2.3-cp313-cp313-macosx_11_0_universal2.whl", hash = "sha256:500b8689aa9dd1ab26872a34084503aeddefcb438e2e7317b89b11eaea1901ad", size = 270732, upload-time = "2025-06-05T16:10:08.26Z" },
    { url = "https://files.pythonhosted.org/packages/48/ae/91a957ba60482d3fecf9be49bc3948f341d706b52ddb9d83a70d42abd498/greenlet-3.2.3-cp313-cp313-manylinux2014_aarch64.manylinux_2_17_aarch64.whl", hash = "sha256:a07d3472c2a93117af3b0136f246b2833fdc0b542d4a9799ae5f41c28323faef", size = 639033, upload-time = "2025-06-05T16:38:53.983Z" },
    { url = "https://files.pythonhosted.org/packages/6f/df/20ffa66dd5a7a7beffa6451bdb7400d66251374ab40b99981478c69a67a8/greenlet-3.2.3-cp313-cp313-manylinux2014_ppc64le.manylinux_2_17_ppc64le.whl", hash = "sha256:8704b3768d2f51150626962f4b9a9e4a17d2e37c8a8d9867bbd9fa4eb938d3b3", size = 652999, upload-time = "2025-06-05T16:41:37.89Z" },
    { url = "https://files.pythonhosted.org/packages/51/b4/ebb2c8cb41e521f1d72bf0465f2f9a2fd803f674a88db228887e6847077e/greenlet-3.2.3-cp313-cp313-manylinux2014_s390x.manylinux_2_17_s390x.whl", hash = "sha256:5035d77a27b7c62db6cf41cf786cfe2242644a7a337a0e155c80960598baab95", size = 647368, upload-time = "2025-06-05T16:48:21.467Z" },
    { url = "https://files.pythonhosted.org/packages/8e/6a/1e1b5aa10dced4ae876a322155705257748108b7fd2e4fae3f2a091fe81a/greenlet-3.2.3-cp313-cp313-manylinux2014_x86_64.manylinux_2_17_x86_64.whl", hash = "sha256:2d8aa5423cd4a396792f6d4580f88bdc6efcb9205891c9d40d20f6e670992efb", size = 650037, upload-time = "2025-06-05T16:13:06.402Z" },
    { url = "https://files.pythonhosted.org/packages/26/f2/ad51331a157c7015c675702e2d5230c243695c788f8f75feba1af32b3617/greenlet-3.2.3-cp313-cp313-manylinux_2_24_x86_64.manylinux_2_28_x86_64.whl", hash = "sha256:2c724620a101f8170065d7dded3f962a2aea7a7dae133a009cada42847e04a7b", size = 608402, upload-time = "2025-06-05T16:12:51.91Z" },
    { url = "https://files.pythonhosted.org/packages/26/bc/862bd2083e6b3aff23300900a956f4ea9a4059de337f5c8734346b9b34fc/greenlet-3.2.3-cp313-cp313-musllinux_1_1_aarch64.whl", hash = "sha256:873abe55f134c48e1f2a6f53f7d1419192a3d1a4e873bace00499a4e45ea6af0", size = 1119577, upload-time = "2025-06-05T16:36:49.787Z" },
    { url = "https://files.pythonhosted.org/packages/86/94/1fc0cc068cfde885170e01de40a619b00eaa8f2916bf3541744730ffb4c3/greenlet-3.2.3-cp313-cp313-musllinux_1_1_x86_64.whl", hash = "sha256:024571bbce5f2c1cfff08bf3fbaa43bbc7444f580ae13b0099e95d0e6e67ed36", size = 1147121, upload-time = "2025-06-05T16:12:42.527Z" },
    { url = "https://files.pythonhosted.org/packages/27/1a/199f9587e8cb08a0658f9c30f3799244307614148ffe8b1e3aa22f324dea/greenlet-3.2.3-cp313-cp313-win_amd64.whl", hash = "sha256:5195fb1e75e592dd04ce79881c8a22becdfa3e6f500e7feb059b1e6fdd54d3e3", size = 297603, upload-time = "2025-06-05T16:20:12.651Z" },
]

[[package]]
name = "idna"
version = "3.10"
source = { registry = "https://pypi.org/simple" }
sdist = { url = "https://files.pythonhosted.org/packages/f1/70/7703c29685631f5a7590aa73f1f1d3fa9a380e654b86af429e0934a32f7d/idna-3.10.tar.gz", hash = "sha256:12f65c9b470abda6dc35cf8e63cc574b1c52b11df2c86030af0ac09b01b13ea9", size = 190490, upload-time = "2024-09-15T18:07:39.745Z" }
wheels = [
    { url = "https://files.pythonhosted.org/packages/76/c6/c88e154df9c4e1a2a66ccf0005a88dfb2650c1dffb6f5ce603dfbd452ce3/idna-3.10-py3-none-any.whl", hash = "sha256:946d195a0d259cbba61165e88e65941f16e9b36ea6ddb97f00452bae8b1287d3", size = 70442, upload-time = "2024-09-15T18:07:37.964Z" },
]

[[package]]
name = "iniconfig"
version = "2.1.0"
source = { registry = "https://pypi.org/simple" }
sdist = { url = "https://files.pythonhosted.org/packages/f2/97/ebf4da567aa6827c909642694d71c9fcf53e5b504f2d96afea02718862f3/iniconfig-2.1.0.tar.gz", hash = "sha256:3abbd2e30b36733fee78f9c7f7308f2d0050e88f0087fd25c2645f63c773e1c7", size = 4793, upload-time = "2025-03-19T20:09:59.721Z" }
wheels = [
    { url = "https://files.pythonhosted.org/packages/2c/e1/e6716421ea10d38022b952c159d5161ca1193197fb744506875fbb87ea7b/iniconfig-2.1.0-py3-none-any.whl", hash = "sha256:9deba5723312380e77435581c6bf4935c94cbfab9b1ed33ef8d238ea168eb760", size = 6050, upload-time = "2025-03-19T20:10:01.071Z" },
]

[[package]]
name = "packaging"
version = "25.0"
source = { registry = "https://pypi.org/simple" }
sdist = { url = "https://files.pythonhosted.org/packages/a1/d4/1fc4078c65507b51b96ca8f8c3ba19e6a61c8253c72794544580a7b6c24d/packaging-25.0.tar.gz", hash = "sha256:d443872c98d677bf60f6a1f2f8c1cb748e8fe762d2bf9d3148b5599295b0fc4f", size = 165727, upload-time = "2025-04-19T11:48:59.673Z" }
wheels = [
    { url = "https://files.pythonhosted.org/packages/20/12/38679034af332785aac8774540895e234f4d07f7545804097de4b666afd8/packaging-25.0-py3-none-any.whl", hash = "sha256:29572ef2b1f17581046b3a2227d5c611fb25ec70ca1ba8554b24b0e69331a484", size = 66469, upload-time = "2025-04-19T11:48:57.875Z" },
]

[[package]]
name = "playwright"
version = "1.52.0"
source = { registry = "https://pypi.org/simple" }
dependencies = [
    { name = "greenlet" },
    { name = "pyee" },
]
wheels = [
    { url = "https://files.pythonhosted.org/packages/1e/62/a20240605485ca99365a8b72ed95e0b4c5739a13fb986353f72d8d3f1d27/playwright-1.52.0-py3-none-macosx_10_13_x86_64.whl", hash = "sha256:19b2cb9d4794062008a635a99bd135b03ebb782d460f96534a91cb583f549512", size = 39611246, upload-time = "2025-04-30T09:28:32.386Z" },
    { url = "https://files.pythonhosted.org/packages/dc/23/57ff081663b3061a2a3f0e111713046f705da2595f2f384488a76e4db732/playwright-1.52.0-py3-none-macosx_11_0_arm64.whl", hash = "sha256:0797c0479cbdc99607412a3c486a3a2ec9ddc77ac461259fd2878c975bcbb94a", size = 37962977, upload-time = "2025-04-30T09:28:37.719Z" },
    { url = "https://files.pythonhosted.org/packages/a2/ff/eee8532cff4b3d768768152e8c4f30d3caa80f2969bf3143f4371d377b74/playwright-1.52.0-py3-none-macosx_11_0_universal2.whl", hash = "sha256:7223960b7dd7ddeec1ba378c302d1d09733b8dac438f492e9854c85d3ca7144f", size = 39611247, upload-time = "2025-04-30T09:28:41.082Z" },
    { url = "https://files.pythonhosted.org/packages/73/c6/8e27af9798f81465b299741ef57064c6ec1a31128ed297406469907dc5a4/playwright-1.52.0-py3-none-manylinux1_x86_64.whl", hash = "sha256:d010124d24a321e0489a8c0d38a3971a7ca7656becea7656c9376bfea7f916d4", size = 45141333, upload-time = "2025-04-30T09:28:45.103Z" },
    { url = "https://files.pythonhosted.org/packages/4e/e9/0661d343ed55860bcfb8934ce10e9597fc953358773ece507b22b0f35c57/playwright-1.52.0-py3-none-manylinux_2_17_aarch64.manylinux2014_aarch64.whl", hash = "sha256:4173e453c43180acc60fd77ffe1ebee8d0efbfd9986c03267007b9c3845415af", size = 44540623, upload-time = "2025-04-30T09:28:48.749Z" },
    { url = "https://files.pythonhosted.org/packages/7a/81/a850dbc6bc2e1bd6cc87341e59c253269602352de83d34b00ea38cf410ee/playwright-1.52.0-py3-none-win32.whl", hash = "sha256:cd0bdf92df99db6237a99f828e80a6a50db6180ef8d5352fc9495df2c92f9971", size = 34839156, upload-time = "2025-04-30T09:28:52.768Z" },
    { url = "https://files.pythonhosted.org/packages/51/f3/cca2aa84eb28ea7d5b85d16caa92d62d18b6e83636e3d67957daca1ee4c7/playwright-1.52.0-py3-none-win_amd64.whl", hash = "sha256:dcbf75101eba3066b7521c6519de58721ea44379eb17a0dafa94f9f1b17f59e4", size = 34839164, upload-time = "2025-04-30T09:28:56.36Z" },
    { url = "https://files.pythonhosted.org/packages/b5/4f/71a8a873e8c3c3e2d3ec03a578e546f6875be8a76214d90219f752f827cd/playwright-1.52.0-py3-none-win_arm64.whl", hash = "sha256:9d0085b8de513de5fb50669f8e6677f0252ef95a9a1d2d23ccee9638e71e65cb", size = 30688972, upload-time = "2025-04-30T09:28:59.47Z" },
]

[[package]]
name = "pluggy"
version = "1.6.0"
source = { registry = "https://pypi.org/simple" }
sdist = { url = "https://files.pythonhosted.org/packages/f9/e2/3e91f31a7d2b083fe6ef3fa267035b518369d9511ffab804f839851d2779/pluggy-1.6.0.tar.gz", hash = "sha256:7dcc130b76258d33b90f61b658791dede3486c3e6bfb003ee5c9bfb396dd22f3", size = 69412, upload-time = "2025-05-15T12:30:07.975Z" }
wheels = [
    { url = "https://files.pythonhosted.org/packages/54/20/4d324d65cc6d9205fabedc306948156824eb9f0ee1633355a8f7ec5c66bf/pluggy-1.6.0-py3-none-any.whl", hash = "sha256:e920276dd6813095e9377c0bc5566d94c932c33b27a3e3945d8389c374dd4746", size = 20538, upload-time = "2025-05-15T12:30:06.134Z" },
]

[[package]]
name = "pyee"
version = "13.0.0"
source = { registry = "https://pypi.org/simple" }
dependencies = [
    { name = "typing-extensions" },
]
sdist = { url = "https://files.pythonhosted.org/packages/95/03/1fd98d5841cd7964a27d729ccf2199602fe05eb7a405c1462eb7277945ed/pyee-13.0.0.tar.gz", hash = "sha256:b391e3c5a434d1f5118a25615001dbc8f669cf410ab67d04c4d4e07c55481c37", size = 31250, upload-time = "2025-03-17T18:53:15.955Z" }
wheels = [
    { url = "https://files.pythonhosted.org/packages/9b/4d/b9add7c84060d4c1906abe9a7e5359f2a60f7a9a4f67268b2766673427d8/pyee-13.0.0-py3-none-any.whl", hash = "sha256:48195a3cddb3b1515ce0695ed76036b5ccc2ef3a9f963ff9f77aec0139845498", size = 15730, upload-time = "2025-03-17T18:53:14.532Z" },
]

[[package]]
name = "pygments"
version = "2.19.1"
source = { registry = "https://pypi.org/simple" }
sdist = { url = "https://files.pythonhosted.org/packages/7c/2d/c3338d48ea6cc0feb8446d8e6937e1408088a72a39937982cc6111d17f84/pygments-2.19.1.tar.gz", hash = "sha256:61c16d2a8576dc0649d9f39e089b5f02bcd27fba10d8fb4dcc28173f7a45151f", size = 4968581, upload-time = "2025-01-06T17:26:30.443Z" }
wheels = [
    { url = "https://files.pythonhosted.org/packages/8a/0b/9fcc47d19c48b59121088dd6da2488a49d5f72dacf8262e2790a1d2c7d15/pygments-2.19.1-py3-none-any.whl", hash = "sha256:9ea1544ad55cecf4b8242fab6dd35a93bbce657034b0611ee383099054ab6d8c", size = 1225293, upload-time = "2025-01-06T17:26:25.553Z" },
]

[[package]]
name = "pytest"
version = "9.0.2"
source = { registry = "https://pypi.org/simple" }
dependencies = [
    { name = "colorama", marker = "sys_platform == 'win32'" },
    { name = "iniconfig" },
    { name = "packaging" },
    { name = "pluggy" },
    { name = "pygments" },
]
sdist = { url = "https://files.pythonhosted.org/packages/d1/db/7ef3487e0fb0049ddb5ce41d3a49c235bf9ad299b6a25d5780a89f19230f/pytest-9.0.2.tar.gz", hash = "sha256:75186651a92bd89611d1d9fc20f0b4345fd827c41ccd5c299a868a05d70edf11", size = 1568901, upload-time = "2025-12-06T21:30:51.014Z" }
wheels = [
    { url = "https://files.pythonhosted.org/packages/3b/ab/b3226f0bd7cdcf710fbede2b3548584366da3b19b5021e74f5bde2a8fa3f/pytest-9.0.2-py3-none-any.whl", hash = "sha256:711ffd45bf766d5264d487b917733b453d917afd2b0ad65223959f59089f875b", size = 374801, upload-time = "2025-12-06T21:30:49.154Z" },
]

[[package]]
name = "pytest-base-url"
version = "2.1.0"
source = { registry = "https://pypi.org/simple" }
dependencies = [
    { name = "pytest" },
    { name = "requests" },
]
sdist = { url = "https://files.pythonhosted.org/packages/ae/1a/b64ac368de6b993135cb70ca4e5d958a5c268094a3a2a4cac6f0021b6c4f/pytest_base_url-2.1.0.tar.gz", hash = "sha256:02748589a54f9e63fcbe62301d6b0496da0d10231b753e950c63e03aee745d45", size = 6702, upload-time = "2024-01-31T22:43:00.81Z" }
wheels = [
    { url = "https://files.pythonhosted.org/packages/98/1c/b00940ab9eb8ede7897443b771987f2f4a76f06be02f1b3f01eb7567e24a/pytest_base_url-2.1.0-py3-none-any.whl", hash = "sha256:3ad15611778764d451927b2a53240c1a7a591b521ea44cebfe45849d2d2812e6", size = 5302, upload-time = "2024-01-31T22:42:58.897Z" },
]

[[package]]
name = "pytest-playwright"
version = "0.7.2"
source = { registry = "https://pypi.org/simple" }
dependencies = [
    { name = "playwright" },
    { name = "pytest" },
    { name = "pytest-base-url" },
    { name = "python-slugify" },
]
sdist = { url = "https://files.pythonhosted.org/packages/e8/6b/913e36aa421b35689ec95ed953ff7e8df3f2ee1c7b8ab2a3f1fd39d95faf/pytest_playwright-0.7.2.tar.gz", hash = "sha256:247b61123b28c7e8febb993a187a07e54f14a9aa04edc166f7a976d88f04c770", size = 16928, upload-time = "2025-11-24T03:43:22.53Z" }
wheels = [
    { url = "https://files.pythonhosted.org/packages/76/61/4d333d8354ea2bea2c2f01bad0a4aa3c1262de20e1241f78e73360e9b620/pytest_playwright-0.7.2-py3-none-any.whl", hash = "sha256:8084e015b2b3ecff483c2160f1c8219b38b66c0d4578b23c0f700d1b0240ea38", size = 16881, upload-time = "2025-11-24T03:43:24.423Z" },
]

[[package]]
name = "pytest-rerunfailures"
version = "16.1"
source = { registry = "https://pypi.org/simple" }
dependencies = [
    { name = "packaging" },
    { name = "pytest" },
]
sdist = { url = "https://files.pythonhosted.org/packages/de/04/71e9520551fc8fe2cf5c1a1842e4e600265b0815f2016b7c27ec85688682/pytest_rerunfailures-16.1.tar.gz", hash = "sha256:c38b266db8a808953ebd71ac25c381cb1981a78ff9340a14bcb9f1b9bff1899e", size = 30889, upload-time = "2025-10-10T07:06:01.238Z" }
wheels = [
    { url = "https://files.pythonhosted.org/packages/77/54/60eabb34445e3db3d3d874dc1dfa72751bfec3265bd611cb13c8b290adea/pytest_rerunfailures-16.1-py3-none-any.whl", hash = "sha256:5d11b12c0ca9a1665b5054052fcc1084f8deadd9328962745ef6b04e26382e86", size = 14093, upload-time = "2025-10-10T07:06:00.019Z" },
]

[[package]]
name = "python-slugify"
version = "8.0.4"
source = { registry = "https://pypi.org/simple" }
dependencies = [
    { name = "text-unidecode" },
]
sdist = { url = "https://files.pythonhosted.org/packages/87/c7/5e1547c44e31da50a460df93af11a535ace568ef89d7a811069ead340c4a/python-slugify-8.0.4.tar.gz", hash = "sha256:59202371d1d05b54a9e7720c5e038f928f45daaffe41dd10822f3907b937c856", size = 10921, upload-time = "2024-02-08T18:32:45.488Z" }
wheels = [
    { url = "https://files.pythonhosted.org/packages/a4/62/02da182e544a51a5c3ccf4b03ab79df279f9c60c5e82d5e8bec7ca26ac11/python_slugify-8.0.4-py2.py3-none-any.whl", hash = "sha256:276540b79961052b66b7d116620b36518847f52d5fd9e3a70164fc8c50faa6b8", size = 10051, upload-time = "2024-02-08T18:32:43.911Z" },
]

[[package]]
name = "requests"
version = "2.32.5"
source = { registry = "https://pypi.org/simple" }
dependencies = [
    { name = "certifi" },
    { name = "charset-normalizer" },
    { name = "idna" },
    { name = "urllib3" },
]
sdist = { url = "https://files.pythonhosted.org/packages/c9/74/b3ff8e6c8446842c3f5c837e9c3dfcfe2018ea6ecef224c710c85ef728f4/requests-2.32.5.tar.gz", hash = "sha256:dbba0bac56e100853db0ea71b82b4dfd5fe2bf6d3754a8893c3af500cec7d7cf", size = 134517, upload-time = "2025-08-18T20:46:02.573Z" }
wheels = [
    { url = "https://files.pythonhosted.org/packages/1e/db/4254e3eabe8020b458f1a747140d32277ec7a271daf1d235b70dc0b4e6e3/requests-2.32.5-py3-none-any.whl", hash = "sha256:2462f94637a34fd532264295e186976db0f5d453d1cdd31473c85a6a161affb6", size = 64738, upload-time = "2025-08-18T20:46:00.542Z" },
]

[[package]]
name = "ruff"
version = "0.14.8"
source = { registry = "https://pypi.org/simple" }
sdist = { url = "https://files.pythonhosted.org/packages/ed/d9/f7a0c4b3a2bf2556cd5d99b05372c29980249ef71e8e32669ba77428c82c/ruff-0.14.8.tar.gz", hash = "sha256:774ed0dd87d6ce925e3b8496feb3a00ac564bea52b9feb551ecd17e0a23d1eed", size = 5765385, upload-time = "2025-12-04T15:06:17.669Z" }
wheels = [
    { url = "https://files.pythonhosted.org/packages/48/b8/9537b52010134b1d2b72870cc3f92d5fb759394094741b09ceccae183fbe/ruff-0.14.8-py3-none-linux_armv6l.whl", hash = "sha256:ec071e9c82eca417f6111fd39f7043acb53cd3fde9b1f95bbed745962e345afb", size = 13441540, upload-time = "2025-12-04T15:06:14.896Z" },
    { url = "https://files.pythonhosted.org/packages/24/00/99031684efb025829713682012b6dd37279b1f695ed1b01725f85fd94b38/ruff-0.14.8-py3-none-macosx_10_12_x86_64.whl", hash = "sha256:8cdb162a7159f4ca36ce980a18c43d8f036966e7f73f866ac8f493b75e0c27e9", size = 13669384, upload-time = "2025-12-04T15:06:51.809Z" },
    { url = "https://files.pythonhosted.org/packages/72/64/3eb5949169fc19c50c04f28ece2c189d3b6edd57e5b533649dae6ca484fe/ruff-0.14.8-py3-none-macosx_11_0_arm64.whl", hash = "sha256:2e2fcbefe91f9fad0916850edf0854530c15bd1926b6b779de47e9ab619ea38f", size = 12806917, upload-time = "2025-12-04T15:06:08.925Z" },
    { url = "https://files.pythonhosted.org/packages/c4/08/5250babb0b1b11910f470370ec0cbc67470231f7cdc033cee57d4976f941/ruff-0.14.8-py3-none-manylinux_2_17_aarch64.manylinux2014_aarch64.whl", hash = "sha256:a9d70721066a296f45786ec31916dc287b44040f553da21564de0ab4d45a869b", size = 13256112, upload-time = "2025-12-04T15:06:23.498Z" },
    { url = "https://files.pythonhosted.org/packages/78/4c/6c588e97a8e8c2d4b522c31a579e1df2b4d003eddfbe23d1f262b1a431ff/ruff-0.14.8-py3-none-manylinux_2_17_armv7l.manylinux2014_armv7l.whl", hash = "sha256:2c87e09b3cd9d126fc67a9ecd3b5b1d3ded2b9c7fce3f16e315346b9d05cfb52", size = 13227559, upload-time = "2025-12-04T15:06:33.432Z" },
    { url = "https://files.pythonhosted.org/packages/23/ce/5f78cea13eda8eceac71b5f6fa6e9223df9b87bb2c1891c166d1f0dce9f1/ruff-0.14.8-py3-none-manylinux_2_17_i686.manylinux2014_i686.whl", hash = "sha256:1d62cb310c4fbcb9ee4ac023fe17f984ae1e12b8a4a02e3d21489f9a2a5f730c", size = 13896379, upload-time = "2025-12-04T15:06:02.687Z" },
    { url = "https://files.pythonhosted.org/packages/cf/79/13de4517c4dadce9218a20035b21212a4c180e009507731f0d3b3f5df85a/ruff-0.14.8-py3-none-manylinux_2_17_ppc64.manylinux2014_ppc64.whl", hash = "sha256:1af35c2d62633d4da0521178e8a2641c636d2a7153da0bac1b30cfd4ccd91344", size = 15372786, upload-time = "2025-12-04T15:06:29.828Z" },
    { url = "https://files.pythonhosted.org/packages/00/06/33df72b3bb42be8a1c3815fd4fae83fa2945fc725a25d87ba3e42d1cc108/ruff-0.14.8-py3-none-manylinux_2_17_ppc64le.manylinux2014_ppc64le.whl", hash = "sha256:25add4575ffecc53d60eed3f24b1e934493631b48ebbc6ebaf9d8517924aca4b", size = 14990029, upload-time = "2025-12-04T15:06:36.812Z" },
    { url = "https://files.pythonhosted.org/packages/64/61/0f34927bd90925880394de0e081ce1afab66d7b3525336f5771dcf0cb46c/ruff-0.14.8-py3-none-manylinux_2_17_s390x.manylinux2014_s390x.whl", hash = "sha256:4c943d847b7f02f7db4201a0600ea7d244d8a404fbb639b439e987edcf2baf9a", size = 14407037, upload-time = "2025-12-04T15:06:39.979Z" },
    { url = "https://files.pythonhosted.org/packages/96/bc/058fe0aefc0fbf0d19614cb6d1a3e2c048f7dc77ca64957f33b12cfdc5ef/ruff-0.14.8-py3-none-manylinux_2_17_x86_64.manylinux2014_x86_64.whl", hash = "sha256:cb6e8bf7b4f627548daa1b69283dac5a296bfe9ce856703b03130732e20ddfe2", size = 14102390, upload-time = "2025-12-04T15:06:46.372Z" },
    { url = "https://files.pythonhosted.org/packages/af/a4/e4f77b02b804546f4c17e8b37a524c27012dd6ff05855d2243b49a7d3cb9/ruff-0.14.8-py3-none-manylinux_2_31_riscv64.whl", hash = "sha256:7aaf2974f378e6b01d1e257c6948207aec6a9b5ba53fab23d0182efb887a0e4a", size = 14230793, upload-time = "2025-12-04T15:06:20.497Z" },
    { url = "https://files.pythonhosted.org/packages/3f/52/bb8c02373f79552e8d087cedaffad76b8892033d2876c2498a2582f09dcf/ruff-0.14.8-py3-none-musllinux_1_2_aarch64.whl", hash = "sha256:e5758ca513c43ad8a4ef13f0f081f80f08008f410790f3611a21a92421ab045b", size = 13160039, upload-time = "2025-12-04T15:06:49.06Z" },
    { url = "https://files.pythonhosted.org/packages/1f/ad/b69d6962e477842e25c0b11622548df746290cc6d76f9e0f4ed7456c2c31/ruff-0.14.8-py3-none-musllinux_1_2_armv7l.whl", hash = "sha256:f74f7ba163b6e85a8d81a590363bf71618847e5078d90827749bfda1d88c9cdf", size = 13205158, upload-time = "2025-12-04T15:06:54.574Z" },
    { url = "https://files.pythonhosted.org/packages/06/63/54f23da1315c0b3dfc1bc03fbc34e10378918a20c0b0f086418734e57e74/ruff-0.14.8-py3-none-musllinux_1_2_i686.whl", hash = "sha256:eed28f6fafcc9591994c42254f5a5c5ca40e69a30721d2ab18bb0bb3baac3ab6", size = 13469550, upload-time = "2025-12-04T15:05:59.209Z" },
    { url = "https://files.pythonhosted.org/packages/70/7d/a4d7b1961e4903bc37fffb7ddcfaa7beb250f67d97cfd1ee1d5cddb1ec90/ruff-0.14.8-py3-none-musllinux_1_2_x86_64.whl", hash = "sha256:21d48fa744c9d1cb8d71eb0a740c4dd02751a5de9db9a730a8ef75ca34cf138e", size = 14211332, upload-time = "2025-12-04T15:06:06.027Z" },
    { url = "https://files.pythonhosted.org/packages/5d/93/2a5063341fa17054e5c86582136e9895db773e3c2ffb770dde50a09f35f0/ruff-0.14.8-py3-none-win32.whl", hash = "sha256:15f04cb45c051159baebb0f0037f404f1dc2f15a927418f29730f411a79bc4e7", size = 13151890, upload-time = "2025-12-04T15:06:11.668Z" },
    { url = "https://files.pythonhosted.org/packages/02/1c/65c61a0859c0add13a3e1cbb6024b42de587456a43006ca2d4fd3d1618fe/ruff-0.14.8-py3-none-win_amd64.whl", hash = "sha256:9eeb0b24242b5bbff3011409a739929f497f3fb5fe3b5698aba5e77e8c833097", size = 14537826, upload-time = "2025-12-04T15:06:26.409Z" },
    { url = "https://files.pythonhosted.org/packages/6d/63/8b41cea3afd7f58eb64ac9251668ee0073789a3bc9ac6f816c8c6fef986d/ruff-0.14.8-py3-none-win_arm64.whl", hash = "sha256:965a582c93c63fe715fd3e3f8aa37c4b776777203d8e1d8aa3cc0c14424a4b99", size = 13634522, upload-time = "2025-12-04T15:06:43.212Z" },
]

[[package]]
name = "tests"
source = { virtual = "." }
dependencies = [
    { name = "pytest" },
    { name = "pytest-playwright" },
    { name = "pytest-rerunfailures" },
    { name = "requests" },
]

[package.optional-dependencies]
dev = [
    { name = "ruff" },
    { name = "ty" },
]

[package.metadata]
requires-dist = [
    { name = "pytest", specifier = "==9.0.2" },
    { name = "pytest-playwright", specifier = "==0.7.2" },
    { name = "pytest-rerunfailures", specifier = "==16.1.0" },
    { name = "requests", specifier = "==2.32.5" },
    { name = "ruff", marker = "extra == 'dev'", specifier = "==0.14.8" },
    { name = "ty", marker = "extra == 'dev'", specifier = "==0.0.1a32" },
]
provides-extras = ["dev"]

[[package]]
name = "text-unidecode"
version = "1.3"
source = { registry = "https://pypi.org/simple" }
sdist = { url = "https://files.pythonhosted.org/packages/ab/e2/e9a00f0ccb71718418230718b3d900e71a5d16e701a3dae079a21e9cd8f8/text-unidecode-1.3.tar.gz", hash = "sha256:bad6603bb14d279193107714b288be206cac565dfa49aa5b105294dd5c4aab93", size = 76885, upload-time = "2019-08-30T21:36:45.405Z" }
wheels = [
    { url = "https://files.pythonhosted.org/packages/a6/a5/c0b6468d3824fe3fde30dbb5e1f687b291608f9473681bbf7dabbf5a87d7/text_unidecode-1.3-py2.py3-none-any.whl", hash = "sha256:1311f10e8b895935241623731c2ba64f4c455287888b18189350b67134a822e8", size = 78154, upload-time = "2019-08-30T21:37:03.543Z" },
]

[[package]]
name = "ty"
version = "0.0.1a32"
source = { registry = "https://pypi.org/simple" }
sdist = { url = "https://files.pythonhosted.org/packages/26/92/8da015685fb83734a2a83de02080e64d182509de77fa9bcf3eed12eeab4b/ty-0.0.1a32.tar.gz", hash = "sha256:12f62e8a3dd0eaeb9557d74b1c32f0616ae40eae10a4f411e1e2a73225f67ff2", size = 4689151, upload-time = "2025-12-05T21:04:26.885Z" }
wheels = [
    { url = "https://files.pythonhosted.org/packages/2a/e6/fdc35c9ba047f16afdfedf36fb51c221e0190ccde9f70ee28e77084d6612/ty-0.0.1a32-py3-none-linux_armv6l.whl", hash = "sha256:ffe595eaf616f06f58f951766477830a55c2502d2c9f77dde8f60d9a836e0645", size = 9673128, upload-time = "2025-12-05T21:04:17.702Z" },
    { url = "https://files.pythonhosted.org/packages/19/20/eaff31048e2f309f37478f7d715c8de9f9bab03cba4758da27b9311147af/ty-0.0.1a32-py3-none-macosx_10_12_x86_64.whl", hash = "sha256:07f1dce88ad6028fb14665aefe4e6697012c34bd48edd37d02b7eb6a833dbf62", size = 9434094, upload-time = "2025-12-05T21:04:03.383Z" },
    { url = "https://files.pythonhosted.org/packages/67/d4/ea8ed57d11b81c459f23561fd6bfb0f54a8d4120cf72541e3bdf71d46202/ty-0.0.1a32-py3-none-macosx_11_0_arm64.whl", hash = "sha256:8fab7ed12528c77ddd600a9638ca859156a53c20f1e381353fa87a255bd397eb", size = 8980296, upload-time = "2025-12-05T21:04:28.912Z" },
    { url = "https://files.pythonhosted.org/packages/49/02/3ce98bbfbb3916678d717ee69358d38a404ca9a39391dda8874b66dd5ee7/ty-0.0.1a32-py3-none-manylinux_2_17_aarch64.manylinux2014_aarch64.whl", hash = "sha256:ace395280fc21e25eff0a53cfbd68170f90a4b8ef2f85dfabe1ecbca2ced456b", size = 9263054, upload-time = "2025-12-05T21:04:05.619Z" },
    { url = "https://files.pythonhosted.org/packages/b7/be/a639638bcd1664de2d70a87da6c4fe0e3272a60b7fa3f0c108a956a456bd/ty-0.0.1a32-py3-none-manylinux_2_17_armv7l.manylinux2014_armv7l.whl", hash = "sha256:2bcbeed7f5ed8e3c1c7e525fce541e7b943ac04ee7fe369a926551b5e50ea4a8", size = 9451396, upload-time = "2025-12-05T21:04:01.265Z" },
    { url = "https://files.pythonhosted.org/packages/1f/a4/2bcf54e842a3d10dc14b369f28a3bab530c5d7ddba624e910b212bda93ee/ty-0.0.1a32-py3-none-manylinux_2_17_i686.manylinux2014_i686.whl", hash = "sha256:60ff2e4493f90f81a260205d87719bb1d3420928a1e4a2a7454af7cbdfed2047", size = 9862726, upload-time = "2025-12-05T21:04:08.806Z" },
    { url = "https://files.pythonhosted.org/packages/5f/c7/19e6719496e59f2f082f34bcac312698366cf50879fdcc3ef76298bfe6a0/ty-0.0.1a32-py3-none-manylinux_2_17_ppc64.manylinux2014_ppc64.whl", hash = "sha256:53cad50a59a0d943b06872e0b10f9f2b564805c2ea93f64c7798852bc1901954", size = 10475051, upload-time = "2025-12-05T21:04:31.059Z" },
    { url = "https://files.pythonhosted.org/packages/88/77/bdf0ddb066d2b62f141d058f8a33bb7c8628cdbb8bfa75b20e296b79fb4e/ty-0.0.1a32-py3-none-manylinux_2_17_ppc64le.manylinux2014_ppc64le.whl", hash = "sha256:343d43cdc1d7f649ea2baa64ac2b479da3d679239b94509f1df12f7211561ea9", size = 10232712, upload-time = "2025-12-05T21:04:19.849Z" },
    { url = "https://files.pythonhosted.org/packages/ed/07/f73260a461762a581a007015c1019d40658828ce41576f8c1db88dee574d/ty-0.0.1a32-py3-none-manylinux_2_17_s390x.manylinux2014_s390x.whl", hash = "sha256:f45483e4a84bcf622413712164ea687ce323a9f7013b9e7977c5d623ed937ca9", size = 10237705, upload-time = "2025-12-05T21:04:35.366Z" },
    { url = "https://files.pythonhosted.org/packages/2c/57/dbb92206cf2f798d8c51ea16504e8afb90a139d0ff105c31cec9a1db29f9/ty-0.0.1a32-py3-none-manylinux_2_17_x86_64.manylinux2014_x86_64.whl", hash = "sha256:7d452f30d47002a6bafc36d1b6aee42c321e9ec9f7f43a04a2ee7d48c208b86c", size = 9766469, upload-time = "2025-12-05T21:04:22.236Z" },
    { url = "https://files.pythonhosted.org/packages/c3/5e/143d93bd143abcebcbaa98c8aeec78898553d62d0a5a432cd79e0cf5bd6d/ty-0.0.1a32-py3-none-musllinux_1_2_aarch64.whl", hash = "sha256:86c4e31737fe954637890cef1f3e1b479ffb20e836cac3b76050bdbe80005010", size = 9238592, upload-time = "2025-12-05T21:04:11.33Z" },
    { url = "https://files.pythonhosted.org/packages/21/b8/225230ae097ed88f3c92ad974dd77f8e4f86f2594d9cd0c729da39769878/ty-0.0.1a32-py3-none-musllinux_1_2_armv7l.whl", hash = "sha256:daf15fa03bc39a76a0fbc9c2d81d79d528f584e3fbe08d71981e3f7912db91d6", size = 9502161, upload-time = "2025-12-05T21:04:37.642Z" },
    { url = "https://files.pythonhosted.org/packages/85/13/cc89955c9637f25f3aca2dd7749c6008639ef036f0b9bea3e9d89e892ff9/ty-0.0.1a32-py3-none-musllinux_1_2_i686.whl", hash = "sha256:6128f6bab5c6dab3d08689fed1d529dc34f50f221f89c8e16064ed0c549dad7a", size = 9603058, upload-time = "2025-12-05T21:04:39.532Z" },
    { url = "https://files.pythonhosted.org/packages/46/77/1fe2793c8065a02d1f70ca7da1b87db49ca621bcbbdb79a18ad79d5d0ab2/ty-0.0.1a32-py3-none-musllinux_1_2_x86_64.whl", hash = "sha256:55aab688be1b46776a5a458a1993cae0da7725932c45393399c479c2fa979337", size = 9879903, upload-time = "2025-12-05T21:04:13.567Z" },
    { url = "https://files.pythonhosted.org/packages/fc/47/fd58e80a3e42310b4b649340d5d97403fe796146cae8678b3a031a414b8e/ty-0.0.1a32-py3-none-win32.whl", hash = "sha256:f55ec25088a09236ad1578b656a07fa009c3a353f5923486905ba48175d142a6", size = 9077703, upload-time = "2025-12-05T21:04:15.849Z" },
    { url = "https://files.pythonhosted.org/packages/8d/96/209c417c69317339ea8e9b3277fd98364a0e97dd1ffd3585e143ec7b4e57/ty-0.0.1a32-py3-none-win_amd64.whl", hash = "sha256:ed8d5cbd4e47dfed86aaa27e243008aa4e82b6a5434f3ab95c26d3ee5874d9d7", size = 9922426, upload-time = "2025-12-05T21:04:33.289Z" },
    { url = "https://files.pythonhosted.org/packages/e0/1c/350fd851fb91244f8c80cec218009cbee7564d76c14e2f423b47e69a5cbc/ty-0.0.1a32-py3-none-win_arm64.whl", hash = "sha256:dbb25f9b513d34cee8ce419514eaef03313f45c3f7ab4eb6e6d427ea1f6854af", size = 9453761, upload-time = "2025-12-05T21:04:24.502Z" },
]

[[package]]
name = "typing-extensions"
version = "4.14.0"
source = { registry = "https://pypi.org/simple" }
sdist = { url = "https://files.pythonhosted.org/packages/d1/bc/51647cd02527e87d05cb083ccc402f93e441606ff1f01739a62c8ad09ba5/typing_extensions-4.14.0.tar.gz", hash = "sha256:8676b788e32f02ab42d9e7c61324048ae4c6d844a399eebace3d4979d75ceef4", size = 107423, upload-time = "2025-06-02T14:52:11.399Z" }
wheels = [
    { url = "https://files.pythonhosted.org/packages/69/e0/552843e0d356fbb5256d21449fa957fa4eff3bbc135a74a691ee70c7c5da/typing_extensions-4.14.0-py3-none-any.whl", hash = "sha256:a1514509136dd0b477638fc68d6a91497af5076466ad0fa6c338e44e359944af", size = 43839, upload-time = "2025-06-02T14:52:10.026Z" },
]

[[package]]
name = "urllib3"
version = "2.6.0"
source = { registry = "https://pypi.org/simple" }
sdist = { url = "https://files.pythonhosted.org/packages/1c/43/554c2569b62f49350597348fc3ac70f786e3c32e7f19d266e19817812dd3/urllib3-2.6.0.tar.gz", hash = "sha256:cb9bcef5a4b345d5da5d145dc3e30834f58e8018828cbc724d30b4cb7d4d49f1", size = 432585, upload-time = "2025-12-05T15:08:47.885Z" }
wheels = [
    { url = "https://files.pythonhosted.org/packages/56/1a/9ffe814d317c5224166b23e7c47f606d6e473712a2fad0f704ea9b99f246/urllib3-2.6.0-py3-none-any.whl", hash = "sha256:c90f7a39f716c572c4e3e58509581ebd83f9b59cced005b7db7ad2d22b0db99f", size = 131083, upload-time = "2025-12-05T15:08:45.983Z" },
]
